{
	"name": "@hyblocker/rehype-slugify-counter",
	"version": "1.0.0",
	"lockfileVersion": 2,
	"requires": true,
	"packages": {
		"": {
			"name": "@hyblocker/rehype-slugify-counter",
			"version": "1.0.0",
			"license": "MIT",
			"dependencies": {
				"hast-util-has-property": "^2.0.0",
				"hast-util-heading-rank": "^2.1.0",
				"hast-util-to-string": "^2.0.0",
				"unist-util-visit": "^4.1.0"
			}
		},
		"node_modules/@types/hast": {
			"version": "2.3.4",
			"resolved": "https://registry.npmjs.org/@types/hast/-/hast-2.3.4.tgz",
			"integrity": "sha512-wLEm0QvaoawEDoTRwzTXp4b4jpwiJDvR5KMnFnVodm3scufTlBOWRD6N1OBf9TZMhjlNsSfcO5V+7AF4+Vy+9g==",
			"dependencies": {
				"@types/unist": "*"
			}
		},
		"node_modules/@types/unist": {
			"version": "2.0.6",
			"resolved": "https://registry.npmjs.org/@types/unist/-/unist-2.0.6.tgz",
			"integrity": "sha512-PBjIUxZHOuj0R15/xuwJYjFi+KZdNFrehocChv4g5hu6aFroHue8m0lBP0POdK2nKzbw0cgV1mws8+V/JAcEkQ=="
		},
		"node_modules/hast-util-has-property": {
			"version": "2.0.0",
			"resolved": "https://registry.npmjs.org/hast-util-has-property/-/hast-util-has-property-2.0.0.tgz",
			"integrity": "sha512-4Qf++8o5v14us4Muv3HRj+Er6wTNGA/N9uCaZMty4JWvyFKLdhULrv4KE1b65AthsSO9TXSZnjuxS8ecIyhb0w==",
			"funding": {
				"type": "opencollective",
				"url": "https://opencollective.com/unified"
			}
		},
		"node_modules/hast-util-heading-rank": {
			"version": "2.1.0",
			"resolved": "https://registry.npmjs.org/hast-util-heading-rank/-/hast-util-heading-rank-2.1.0.tgz",
			"integrity": "sha512-w+Rw20Q/iWp2Bcnr6uTrYU6/ftZLbHKhvc8nM26VIWpDqDMlku2iXUVTeOlsdoih/UKQhY7PHQ+vZ0Aqq8bxtQ==",
			"dependencies": {
				"@types/hast": "^2.0.0"
			},
			"funding": {
				"type": "opencollective",
				"url": "https://opencollective.com/unified"
			}
		},
		"node_modules/hast-util-to-string": {
			"version": "2.0.0",
			"resolved": "https://registry.npmjs.org/hast-util-to-string/-/hast-util-to-string-2.0.0.tgz",
			"integrity": "sha512-02AQ3vLhuH3FisaMM+i/9sm4OXGSq1UhOOCpTLLQtHdL3tZt7qil69r8M8iDkZYyC0HCFylcYoP+8IO7ddta1A==",
			"dependencies": {
				"@types/hast": "^2.0.0"
			},
			"funding": {
				"type": "opencollective",
				"url": "https://opencollective.com/unified"
			}
		},
		"node_modules/unist-util-is": {
			"version": "5.1.1",
			"resolved": "https://registry.npmjs.org/unist-util-is/-/unist-util-is-5.1.1.tgz",
			"integrity": "sha512-F5CZ68eYzuSvJjGhCLPL3cYx45IxkqXSetCcRgUXtbcm50X2L9oOWQlfUfDdAf+6Pd27YDblBfdtmsThXmwpbQ==",
			"funding": {
				"type": "opencollective",
				"url": "https://opencollective.com/unified"
			}
		},
		"node_modules/unist-util-visit": {
			"version": "4.1.0",
			"resolved": "https://registry.npmjs.org/unist-util-visit/-/unist-util-visit-4.1.0.tgz",
			"integrity": "sha512-n7lyhFKJfVZ9MnKtqbsqkQEk5P1KShj0+//V7mAcoI6bpbUjh3C/OG8HVD+pBihfh6Ovl01m8dkcv9HNqYajmQ==",
			"dependencies": {
				"@types/unist": "^2.0.0",
				"unist-util-is": "^5.0.0",
				"unist-util-visit-parents": "^5.0.0"
			},
			"funding": {
				"type": "opencollective",
				"url": "https://opencollective.com/unified"
			}
		},
		"node_modules/unist-util-visit-parents": {
			"version": "5.1.0",
			"resolved": "https://registry.npmjs.org/unist-util-visit-parents/-/unist-util-visit-parents-5.1.0.tgz",
			"integrity": "sha512-y+QVLcY5eR/YVpqDsLf/xh9R3Q2Y4HxkZTp7ViLDU6WtJCEcPmRzW1gpdWDCDIqIlhuPDXOgttqPlykrHYDekg==",
			"dependencies": {
				"@types/unist": "^2.0.0",
				"unist-util-is": "^5.0.0"
			},
			"funding": {
				"type": "opencollective",
				"url": "https://opencollective.com/unified"
			}
		}
	},
	"dependencies": {
		"@types/hast": {
			"version": "2.3.4",
			"resolved": "https://registry.npmjs.org/@types/hast/-/hast-2.3.4.tgz",
			"integrity": "sha512-wLEm0QvaoawEDoTRwzTXp4b4jpwiJDvR5KMnFnVodm3scufTlBOWRD6N1OBf9TZMhjlNsSfcO5V+7AF4+Vy+9g==",
			"requires": {
				"@types/unist": "*"
			}
		},
		"@types/unist": {
			"version": "2.0.6",
			"resolved": "https://registry.npmjs.org/@types/unist/-/unist-2.0.6.tgz",
			"integrity": "sha512-PBjIUxZHOuj0R15/xuwJYjFi+KZdNFrehocChv4g5hu6aFroHue8m0lBP0POdK2nKzbw0cgV1mws8+V/JAcEkQ=="
		},
		"hast-util-has-property": {
			"version": "2.0.0",
			"resolved": "https://registry.npmjs.org/hast-util-has-property/-/hast-util-has-property-2.0.0.tgz",
			"integrity": "sha512-4Qf++8o5v14us4Muv3HRj+Er6wTNGA/N9uCaZMty4JWvyFKLdhULrv4KE1b65AthsSO9TXSZnjuxS8ecIyhb0w=="
		},
		"hast-util-heading-rank": {
			"version": "2.1.0",
			"resolved": "https://registry.npmjs.org/hast-util-heading-rank/-/hast-util-heading-rank-2.1.0.tgz",
			"integrity": "sha512-w+Rw20Q/iWp2Bcnr6uTrYU6/ftZLbHKhvc8nM26VIWpDqDMlku2iXUVTeOlsdoih/UKQhY7PHQ+vZ0Aqq8bxtQ==",
			"requires": {
				"@types/hast": "^2.0.0"
			}
		},
		"hast-util-to-string": {
			"version": "2.0.0",
			"resolved": "https://registry.npmjs.org/hast-util-to-string/-/hast-util-to-string-2.0.0.tgz",
			"integrity": "sha512-02AQ3vLhuH3FisaMM+i/9sm4OXGSq1UhOOCpTLLQtHdL3tZt7qil69r8M8iDkZYyC0HCFylcYoP+8IO7ddta1A==",
			"requires": {
				"@types/hast": "^2.0.0"
			}
		},
		"unist-util-is": {
			"version": "5.1.1",
			"resolved": "https://registry.npmjs.org/unist-util-is/-/unist-util-is-5.1.1.tgz",
			"integrity": "sha512-F5CZ68eYzuSvJjGhCLPL3cYx45IxkqXSetCcRgUXtbcm50X2L9oOWQlfUfDdAf+6Pd27YDblBfdtmsThXmwpbQ=="
		},
		"unist-util-visit": {
			"version": "4.1.0",
			"resolved": "https://registry.npmjs.org/unist-util-visit/-/unist-util-visit-4.1.0.tgz",
			"integrity": "sha512-n7lyhFKJfVZ9MnKtqbsqkQEk5P1KShj0+//V7mAcoI6bpbUjh3C/OG8HVD+pBihfh6Ovl01m8dkcv9HNqYajmQ==",
			"requires": {
				"@types/unist": "^2.0.0",
				"unist-util-is": "^5.0.0",
				"unist-util-visit-parents": "^5.0.0"
			}
		},
		"unist-util-visit-parents": {
			"version": "5.1.0",
			"resolved": "https://registry.npmjs.org/unist-util-visit-parents/-/unist-util-visit-parents-5.1.0.tgz",
			"integrity": "sha512-y+QVLcY5eR/YVpqDsLf/xh9R3Q2Y4HxkZTp7ViLDU6WtJCEcPmRzW1gpdWDCDIqIlhuPDXOgttqPlykrHYDekg==",
			"requires": {
				"@types/unist": "^2.0.0",
				"unist-util-is": "^5.0.0"
			}
		}
	}
}

